
Microsoft Visual Studio Solution File, Format Version 12.00
# Visual Studio Version 17
VisualStudioVersion = 17.4.33122.133
MinimumVisualStudioVersion = 10.0.40219.1
Project("{FAE04EC0-301F-11D3-BF4B-00C04F79EFBC}") = "WebApplication-CW-11-1", "WebApplication-CW-11-1.csproj", "{24E2E024-48EA-4A5A-8AF8-4BA3845D3595}"
EndProject
Global
	GlobalSection(SolutionConfigurationPlatforms) = preSolution
		Debug|Any CPU = Debug|Any CPU
		Release|Any CPU = Release|Any CPU
	EndGlobalSection
	GlobalSection(ProjectConfigurationPlatforms) = postSolution
		{24E2E024-48EA-4A5A-8AF8-4BA3845D3595}.Debug|Any CPU.ActiveCfg = Debug|Any CPU
		{24E2E024-48EA-4A5A-8AF8-4BA3845D3595}.Debug|Any CPU.Build.0 = Debug|Any CPU
		{24E2E024-48EA-4A5A-8AF8-4BA3845D3595}.Release|Any CPU.ActiveCfg = Release|Any CPU
		{24E2E024-48EA-4A5A-8AF8-4BA3845D3595}.Release|Any CPU.Build.0 = Release|Any CPU
	EndGlobalSection
	GlobalSection(SolutionProperties) = preSolution
		HideSolutionNode = FALSE
	EndGlobalSection
	GlobalSection(ExtensibilityGlobals) = postSolution
		SolutionGuid = {BE898399-AEFB-4C46-B0CB-5CD2251427C8}
	EndGlobalSection
EndGlobal
